// !$*UTF8*$!
{
	archiveVersion = 1;
	classes = {
	};
	objectVersion = 56;
	objects = {

/* Begin PBXBuildFile section */
		110320EE295355C4000076F8 /* ConfirmSecretPhraseView.swift in Sources */ = {isa = PBXBuildFile; fileRef = 110320ED295355C4000076F8 /* ConfirmSecretPhraseView.swift */; };
		111DCD542955C51000F9C7AD /* SecretWord.swift in Sources */ = {isa = PBXBuildFile; fileRef = 111DCD532955C51000F9C7AD /* SecretWord.swift */; };
		111DCD572955D6A800F9C7AD /* Toast in Frameworks */ = {isa = PBXBuildFile; productRef = 111DCD562955D6A800F9C7AD /* Toast */; };
		113E4E7E2949D6F9009619B0 /* SplashView.swift in Sources */ = {isa = PBXBuildFile; fileRef = 113E4E7D2949D6F9009619B0 /* SplashView.swift */; };
		113E4E812949DAB3009619B0 /* Color+Extension.swift in Sources */ = {isa = PBXBuildFile; fileRef = 113E4E802949DAB3009619B0 /* Color+Extension.swift */; };
		113E4E832949DAFC009619B0 /* View+Extension.swift in Sources */ = {isa = PBXBuildFile; fileRef = 113E4E822949DAFC009619B0 /* View+Extension.swift */; };
		1145090B29507BF900F88C99 /* WelcomeView.swift in Sources */ = {isa = PBXBuildFile; fileRef = 1145090A29507BF900F88C99 /* WelcomeView.swift */; };
		1145091229507F6B00F88C99 /* SpaceGrotesk-Bold.ttf in Resources */ = {isa = PBXBuildFile; fileRef = 1145091029507EF500F88C99 /* SpaceGrotesk-Bold.ttf */; };
		1145091329507F6B00F88C99 /* SpaceGrotesk-Light.ttf in Resources */ = {isa = PBXBuildFile; fileRef = 1145091129507EF500F88C99 /* SpaceGrotesk-Light.ttf */; };
		1145091429507F6B00F88C99 /* SpaceGrotesk-Medium.ttf in Resources */ = {isa = PBXBuildFile; fileRef = 1145090E29507EF400F88C99 /* SpaceGrotesk-Medium.ttf */; };
		1145091529507F6B00F88C99 /* SpaceGrotesk-Regular.ttf in Resources */ = {isa = PBXBuildFile; fileRef = 1145090D29507EF400F88C99 /* SpaceGrotesk-Regular.ttf */; };
		1145091629507F6B00F88C99 /* SpaceGrotesk-SemiBold.ttf in Resources */ = {isa = PBXBuildFile; fileRef = 1145090F29507EF500F88C99 /* SpaceGrotesk-SemiBold.ttf */; };
		1145091A295080DF00F88C99 /* FontUtils.swift in Sources */ = {isa = PBXBuildFile; fileRef = 11450919295080DF00F88C99 /* FontUtils.swift */; };
		1145091C295085B900F88C99 /* Text+Extension.swift in Sources */ = {isa = PBXBuildFile; fileRef = 1145091B295085B900F88C99 /* Text+Extension.swift */; };
		11B9AB7A294885AC00C24E9B /* CryptoWalletApp.swift in Sources */ = {isa = PBXBuildFile; fileRef = 11B9AB79294885AC00C24E9B /* CryptoWalletApp.swift */; };
		11B9AB7C294885AC00C24E9B /* ContentView.swift in Sources */ = {isa = PBXBuildFile; fileRef = 11B9AB7B294885AC00C24E9B /* ContentView.swift */; };
		11B9AB7E294885AE00C24E9B /* Assets.xcassets in Resources */ = {isa = PBXBuildFile; fileRef = 11B9AB7D294885AE00C24E9B /* Assets.xcassets */; };
		11B9AB81294885AE00C24E9B /* Preview Assets.xcassets in Resources */ = {isa = PBXBuildFile; fileRef = 11B9AB80294885AE00C24E9B /* Preview Assets.xcassets */; };
		11E6AF5429519083005103EB /* SecretPhraseView.swift in Sources */ = {isa = PBXBuildFile; fileRef = 11E6AF5329519083005103EB /* SecretPhraseView.swift */; };
		11E6AF572951972C005103EB /* WordGeneratorManager.swift in Sources */ = {isa = PBXBuildFile; fileRef = 11E6AF562951972C005103EB /* WordGeneratorManager.swift */; };
		11E6AF59295198DC005103EB /* LoadingView.swift in Sources */ = {isa = PBXBuildFile; fileRef = 11E6AF58295198DC005103EB /* LoadingView.swift */; };
/* End PBXBuildFile section */

/* Begin PBXFileReference section */
		110320ED295355C4000076F8 /* ConfirmSecretPhraseView.swift */ = {isa = PBXFileReference; lastKnownFileType = sourcecode.swift; path = ConfirmSecretPhraseView.swift; sourceTree = "<group>"; };
		111DCD532955C51000F9C7AD /* SecretWord.swift */ = {isa = PBXFileReference; lastKnownFileType = sourcecode.swift; path = SecretWord.swift; sourceTree = "<group>"; };
		113E4E7D2949D6F9009619B0 /* SplashView.swift */ = {isa = PBXFileReference; lastKnownFileType = sourcecode.swift; path = SplashView.swift; sourceTree = "<group>"; };
		113E4E802949DAB3009619B0 /* Color+Extension.swift */ = {isa = PBXFileReference; lastKnownFileType = sourcecode.swift; path = "Color+Extension.swift"; sourceTree = "<group>"; };
		113E4E822949DAFC009619B0 /* View+Extension.swift */ = {isa = PBXFileReference; lastKnownFileType = sourcecode.swift; path = "View+Extension.swift"; sourceTree = "<group>"; };
		1145090A29507BF900F88C99 /* WelcomeView.swift */ = {isa = PBXFileReference; lastKnownFileType = sourcecode.swift; path = WelcomeView.swift; sourceTree = "<group>"; };
		1145090D29507EF400F88C99 /* SpaceGrotesk-Regular.ttf */ = {isa = PBXFileReference; lastKnownFileType = file; path = "SpaceGrotesk-Regular.ttf"; sourceTree = "<group>"; };
		1145090E29507EF400F88C99 /* SpaceGrotesk-Medium.ttf */ = {isa = PBXFileReference; lastKnownFileType = file; path = "SpaceGrotesk-Medium.ttf"; sourceTree = "<group>"; };
		1145090F29507EF500F88C99 /* SpaceGrotesk-SemiBold.ttf */ = {isa = PBXFileReference; lastKnownFileType = file; path = "SpaceGrotesk-SemiBold.ttf"; sourceTree = "<group>"; };
		1145091029507EF500F88C99 /* SpaceGrotesk-Bold.ttf */ = {isa = PBXFileReference; lastKnownFileType = file; path = "SpaceGrotesk-Bold.ttf"; sourceTree = "<group>"; };
		1145091129507EF500F88C99 /* SpaceGrotesk-Light.ttf */ = {isa = PBXFileReference; lastKnownFileType = file; path = "SpaceGrotesk-Light.ttf"; sourceTree = "<group>"; };
		114509172950800300F88C99 /* Info.plist */ = {isa = PBXFileReference; lastKnownFileType = text.plist; path = Info.plist; sourceTree = "<group>"; };
		11450919295080DF00F88C99 /* FontUtils.swift */ = {isa = PBXFileReference; lastKnownFileType = sourcecode.swift; path = FontUtils.swift; sourceTree = "<group>"; };
		1145091B295085B900F88C99 /* Text+Extension.swift */ = {isa = PBXFileReference; lastKnownFileType = sourcecode.swift; path = "Text+Extension.swift"; sourceTree = "<group>"; };
		11B9AB76294885AC00C24E9B /* CryptoWallet.app */ = {isa = PBXFileReference; explicitFileType = wrapper.application; includeInIndex = 0; path = CryptoWallet.app; sourceTree = BUILT_PRODUCTS_DIR; };
		11B9AB79294885AC00C24E9B /* CryptoWalletApp.swift */ = {isa = PBXFileReference; lastKnownFileType = sourcecode.swift; path = CryptoWalletApp.swift; sourceTree = "<group>"; };
		11B9AB7B294885AC00C24E9B /* ContentView.swift */ = {isa = PBXFileReference; lastKnownFileType = sourcecode.swift; path = ContentView.swift; sourceTree = "<group>"; };
		11B9AB7D294885AE00C24E9B /* Assets.xcassets */ = {isa = PBXFileReference; lastKnownFileType = folder.assetcatalog; path = Assets.xcassets; sourceTree = "<group>"; };
		11B9AB80294885AE00C24E9B /* Preview Assets.xcassets */ = {isa = PBXFileReference; lastKnownFileType = folder.assetcatalog; path = "Preview Assets.xcassets"; sourceTree = "<group>"; };
		11E6AF5329519083005103EB /* SecretPhraseView.swift */ = {isa = PBXFileReference; lastKnownFileType = sourcecode.swift; path = SecretPhraseView.swift; sourceTree = "<group>"; };
		11E6AF562951972C005103EB /* WordGeneratorManager.swift */ = {isa = PBXFileReference; lastKnownFileType = sourcecode.swift; path = WordGeneratorManager.swift; sourceTree = "<group>"; };
		11E6AF58295198DC005103EB /* LoadingView.swift */ = {isa = PBXFileReference; lastKnownFileType = sourcecode.swift; path = LoadingView.swift; sourceTree = "<group>"; };
/* End PBXFileReference section */

/* Begin PBXFrameworksBuildPhase section */
		11B9AB73294885AC00C24E9B /* Frameworks */ = {
			isa = PBXFrameworksBuildPhase;
			buildActionMask = 2147483647;
			files = (
				111DCD572955D6A800F9C7AD /* Toast in Frameworks */,
			);
			runOnlyForDeploymentPostprocessing = 0;
		};
/* End PBXFrameworksBuildPhase section */

/* Begin PBXGroup section */
		111DCD522955C4FB00F9C7AD /* models */ = {
			isa = PBXGroup;
			children = (
				111DCD532955C51000F9C7AD /* SecretWord.swift */,
			);
			path = models;
			sourceTree = "<group>";
		};
		113E4E7C2949D6DA009619B0 /* views */ = {
			isa = PBXGroup;
			children = (
				1145090929507B6D00F88C99 /* onboarding */,
				113E4E7D2949D6F9009619B0 /* SplashView.swift */,
				11E6AF58295198DC005103EB /* LoadingView.swift */,
			);
			path = views;
			sourceTree = "<group>";
		};
		113E4E7F2949DA94009619B0 /* extensions */ = {
			isa = PBXGroup;
			children = (
				113E4E802949DAB3009619B0 /* Color+Extension.swift */,
				113E4E822949DAFC009619B0 /* View+Extension.swift */,
				1145091B295085B900F88C99 /* Text+Extension.swift */,
			);
			path = extensions;
			sourceTree = "<group>";
		};
		1145090929507B6D00F88C99 /* onboarding */ = {
			isa = PBXGroup;
			children = (
				1145090A29507BF900F88C99 /* WelcomeView.swift */,
				11E6AF5329519083005103EB /* SecretPhraseView.swift */,
				110320ED295355C4000076F8 /* ConfirmSecretPhraseView.swift */,
			);
			path = onboarding;
			sourceTree = "<group>";
		};
		1145090C29507EE400F88C99 /* Fonts */ = {
			isa = PBXGroup;
			children = (
				1145091029507EF500F88C99 /* SpaceGrotesk-Bold.ttf */,
				1145091129507EF500F88C99 /* SpaceGrotesk-Light.ttf */,
				1145090E29507EF400F88C99 /* SpaceGrotesk-Medium.ttf */,
				1145090D29507EF400F88C99 /* SpaceGrotesk-Regular.ttf */,
				1145090F29507EF500F88C99 /* SpaceGrotesk-SemiBold.ttf */,
			);
			path = Fonts;
			sourceTree = "<group>";
		};
		11450918295080CE00F88C99 /* utils */ = {
			isa = PBXGroup;
			children = (
				11450919295080DF00F88C99 /* FontUtils.swift */,
			);
			path = utils;
			sourceTree = "<group>";
		};
		11B9AB6D294885AC00C24E9B = {
			isa = PBXGroup;
			children = (
				11B9AB78294885AC00C24E9B /* CryptoWallet */,
				11B9AB77294885AC00C24E9B /* Products */,
			);
			sourceTree = "<group>";
		};
		11B9AB77294885AC00C24E9B /* Products */ = {
			isa = PBXGroup;
			children = (
				11B9AB76294885AC00C24E9B /* CryptoWallet.app */,
			);
			name = Products;
			sourceTree = "<group>";
		};
		11B9AB78294885AC00C24E9B /* CryptoWallet */ = {
			isa = PBXGroup;
			children = (
				111DCD522955C4FB00F9C7AD /* models */,
				11E6AF5529519713005103EB /* managers */,
				11450918295080CE00F88C99 /* utils */,
				114509172950800300F88C99 /* Info.plist */,
				1145090C29507EE400F88C99 /* Fonts */,
				113E4E7F2949DA94009619B0 /* extensions */,
				113E4E7C2949D6DA009619B0 /* views */,
				11B9AB79294885AC00C24E9B /* CryptoWalletApp.swift */,
				11B9AB7B294885AC00C24E9B /* ContentView.swift */,
				11B9AB7D294885AE00C24E9B /* Assets.xcassets */,
				11B9AB7F294885AE00C24E9B /* Preview Content */,
			);
			path = CryptoWallet;
			sourceTree = "<group>";
		};
		11B9AB7F294885AE00C24E9B /* Preview Content */ = {
			isa = PBXGroup;
			children = (
				11B9AB80294885AE00C24E9B /* Preview Assets.xcassets */,
			);
			path = "Preview Content";
			sourceTree = "<group>";
		};
		11E6AF5529519713005103EB /* managers */ = {
			isa = PBXGroup;
			children = (
				11E6AF562951972C005103EB /* WordGeneratorManager.swift */,
			);
			path = managers;
			sourceTree = "<group>";
		};
/* End PBXGroup section */

/* Begin PBXNativeTarget section */
		11B9AB75294885AC00C24E9B /* CryptoWallet */ = {
			isa = PBXNativeTarget;
			buildConfigurationList = 11B9AB84294885AE00C24E9B /* Build configuration list for PBXNativeTarget "CryptoWallet" */;
			buildPhases = (
				11B9AB72294885AC00C24E9B /* Sources */,
				11B9AB73294885AC00C24E9B /* Frameworks */,
				11B9AB74294885AC00C24E9B /* Resources */,
			);
			buildRules = (
			);
			dependencies = (
			);
			name = CryptoWallet;
			packageProductDependencies = (
				111DCD562955D6A800F9C7AD /* Toast */,
			);
			productName = CryptoWallet;
			productReference = 11B9AB76294885AC00C24E9B /* CryptoWallet.app */;
			productType = "com.apple.product-type.application";
		};
/* End PBXNativeTarget section */

/* Begin PBXProject section */
		11B9AB6E294885AC00C24E9B /* Project object */ = {
			isa = PBXProject;
			attributes = {
				BuildIndependentTargetsInParallel = 1;
				LastSwiftUpdateCheck = 1410;
				LastUpgradeCheck = 1410;
				TargetAttributes = {
					11B9AB75294885AC00C24E9B = {
						CreatedOnToolsVersion = 14.1;
					};
				};
			};
			buildConfigurationList = 11B9AB71294885AC00C24E9B /* Build configuration list for PBXProject "CryptoWallet" */;
			compatibilityVersion = "Xcode 14.0";
			developmentRegion = en;
			hasScannedForEncodings = 0;
			knownRegions = (
				en,
				Base,
			);
			mainGroup = 11B9AB6D294885AC00C24E9B;
			packageReferences = (
				111DCD552955D6A800F9C7AD /* XCRemoteSwiftPackageReference "Toast-Swift" */,
			);
			productRefGroup = 11B9AB77294885AC00C24E9B /* Products */;
			projectDirPath = "";
			projectRoot = "";
			targets = (
				11B9AB75294885AC00C24E9B /* CryptoWallet */,
			);
		};
/* End PBXProject section */

/* Begin PBXResourcesBuildPhase section */
		11B9AB74294885AC00C24E9B /* Resources */ = {
			isa = PBXResourcesBuildPhase;
			buildActionMask = 2147483647;
			files = (
				1145091229507F6B00F88C99 /* SpaceGrotesk-Bold.ttf in Resources */,
				1145091329507F6B00F88C99 /* SpaceGrotesk-Light.ttf in Resources */,
				1145091429507F6B00F88C99 /* SpaceGrotesk-Medium.ttf in Resources */,
				1145091529507F6B00F88C99 /* SpaceGrotesk-Regular.ttf in Resources */,
				1145091629507F6B00F88C99 /* SpaceGrotesk-SemiBold.ttf in Resources */,
				11B9AB81294885AE00C24E9B /* Preview Assets.xcassets in Resources */,
				11B9AB7E294885AE00C24E9B /* Assets.xcassets in Resources */,
			);
			runOnlyForDeploymentPostprocessing = 0;
		};
/* End PBXResourcesBuildPhase section */

/* Begin PBXSourcesBuildPhase section */
		11B9AB72294885AC00C24E9B /* Sources */ = {
			isa = PBXSourcesBuildPhase;
			buildActionMask = 2147483647;
			files = (
				11B9AB7C294885AC00C24E9B /* ContentView.swift in Sources */,
				1145090B29507BF900F88C99 /* WelcomeView.swift in Sources */,
				1145091A295080DF00F88C99 /* FontUtils.swift in Sources */,
				11E6AF59295198DC005103EB /* LoadingView.swift in Sources */,
				111DCD542955C51000F9C7AD /* SecretWord.swift in Sources */,
				11E6AF572951972C005103EB /* WordGeneratorManager.swift in Sources */,
				11E6AF5429519083005103EB /* SecretPhraseView.swift in Sources */,
				110320EE295355C4000076F8 /* ConfirmSecretPhraseView.swift in Sources */,
				11B9AB7A294885AC00C24E9B /* CryptoWalletApp.swift in Sources */,
				1145091C295085B900F88C99 /* Text+Extension.swift in Sources */,
				113E4E832949DAFC009619B0 /* View+Extension.swift in Sources */,
				113E4E7E2949D6F9009619B0 /* SplashView.swift in Sources */,
				113E4E812949DAB3009619B0 /* Color+Extension.swift in Sources */,
			);
			runOnlyForDeploymentPostprocessing = 0;
		};
/* End PBXSourcesBuildPhase section */

/* Begin XCBuildConfiguration section */
		11B9AB82294885AE00C24E9B /* Debug */ = {
			isa = XCBuildConfiguration;
			buildSettings = {
				ALWAYS_SEARCH_USER_PATHS = NO;
				CLANG_ANALYZER_NONNULL = YES;
				CLANG_ANALYZER_NUMBER_OBJECT_CONVERSION = YES_AGGRESSIVE;
				CLANG_CXX_LANGUAGE_STANDARD = "gnu++20";
				CLANG_ENABLE_MODULES = YES;
				CLANG_ENABLE_OBJC_ARC = YES;
				CLANG_ENABLE_OBJC_WEAK = YES;
				CLANG_WARN_BLOCK_CAPTURE_AUTORELEASING = YES;
				CLANG_WARN_BOOL_CONVERSION = YES;
				CLANG_WARN_COMMA = YES;
				CLANG_WARN_CONSTANT_CONVERSION = YES;
				CLANG_WARN_DEPRECATED_OBJC_IMPLEMENTATIONS = YES;
				CLANG_WARN_DIRECT_OBJC_ISA_USAGE = YES_ERROR;
				CLANG_WARN_DOCUMENTATION_COMMENTS = YES;
				CLANG_WARN_EMPTY_BODY = YES;
				CLANG_WARN_ENUM_CONVERSION = YES;
				CLANG_WARN_INFINITE_RECURSION = YES;
				CLANG_WARN_INT_CONVERSION = YES;
				CLANG_WARN_NON_LITERAL_NULL_CONVERSION = YES;
				CLANG_WARN_OBJC_IMPLICIT_RETAIN_SELF = YES;
				CLANG_WARN_OBJC_LITERAL_CONVERSION = YES;
				CLANG_WARN_OBJC_ROOT_CLASS = YES_ERROR;
				CLANG_WARN_QUOTED_INCLUDE_IN_FRAMEWORK_HEADER = YES;
				CLANG_WARN_RANGE_LOOP_ANALYSIS = YES;
				CLANG_WARN_STRICT_PROTOTYPES = YES;
				CLANG_WARN_SUSPICIOUS_MOVE = YES;
				CLANG_WARN_UNGUARDED_AVAILABILITY = YES_AGGRESSIVE;
				CLANG_WARN_UNREACHABLE_CODE = YES;
				CLANG_WARN__DUPLICATE_METHOD_MATCH = YES;
				COPY_PHASE_STRIP = NO;
				DEBUG_INFORMATION_FORMAT = dwarf;
				ENABLE_STRICT_OBJC_MSGSEND = YES;
				ENABLE_TESTABILITY = YES;
				GCC_C_LANGUAGE_STANDARD = gnu11;
				GCC_DYNAMIC_NO_PIC = NO;
				GCC_NO_COMMON_BLOCKS = YES;
				GCC_OPTIMIZATION_LEVEL = 0;
				GCC_PREPROCESSOR_DEFINITIONS = (
					"DEBUG=1",
					"$(inherited)",
				);
				GCC_WARN_64_TO_32_BIT_CONVERSION = YES;
				GCC_WARN_ABOUT_RETURN_TYPE = YES_ERROR;
				GCC_WARN_UNDECLARED_SELECTOR = YES;
				GCC_WARN_UNINITIALIZED_AUTOS = YES_AGGRESSIVE;
				GCC_WARN_UNUSED_FUNCTION = YES;
				GCC_WARN_UNUSED_VARIABLE = YES;
				IPHONEOS_DEPLOYMENT_TARGET = 16.1;
				MTL_ENABLE_DEBUG_INFO = INCLUDE_SOURCE;
				MTL_FAST_MATH = YES;
				ONLY_ACTIVE_ARCH = YES;
				SDKROOT = iphoneos;
				SWIFT_ACTIVE_COMPILATION_CONDITIONS = DEBUG;
				SWIFT_OPTIMIZATION_LEVEL = "-Onone";
			};
			name = Debug;
		};
		11B9AB83294885AE00C24E9B /* Release */ = {
			isa = XCBuildConfiguration;
			buildSettings = {
				ALWAYS_SEARCH_USER_PATHS = NO;
				CLANG_ANALYZER_NONNULL = YES;
				CLANG_ANALYZER_NUMBER_OBJECT_CONVERSION = YES_AGGRESSIVE;
				CLANG_CXX_LANGUAGE_STANDARD = "gnu++20";
				CLANG_ENABLE_MODULES = YES;
				CLANG_ENABLE_OBJC_ARC = YES;
				CLANG_ENABLE_OBJC_WEAK = YES;
				CLANG_WARN_BLOCK_CAPTURE_AUTORELEASING = YES;
				CLANG_WARN_BOOL_CONVERSION = YES;
				CLANG_WARN_COMMA = YES;
				CLANG_WARN_CONSTANT_CONVERSION = YES;
				CLANG_WARN_DEPRECATED_OBJC_IMPLEMENTATIONS = YES;
				CLANG_WARN_DIRECT_OBJC_ISA_USAGE = YES_ERROR;
				CLANG_WARN_DOCUMENTATION_COMMENTS = YES;
				CLANG_WARN_EMPTY_BODY = YES;
				CLANG_WARN_ENUM_CONVERSION = YES;
				CLANG_WARN_INFINITE_RECURSION = YES;
				CLANG_WARN_INT_CONVERSION = YES;
				CLANG_WARN_NON_LITERAL_NULL_CONVERSION = YES;
				CLANG_WARN_OBJC_IMPLICIT_RETAIN_SELF = YES;
				CLANG_WARN_OBJC_LITERAL_CONVERSION = YES;
				CLANG_WARN_OBJC_ROOT_CLASS = YES_ERROR;
				CLANG_WARN_QUOTED_INCLUDE_IN_FRAMEWORK_HEADER = YES;
				CLANG_WARN_RANGE_LOOP_ANALYSIS = YES;
				CLANG_WARN_STRICT_PROTOTYPES = YES;
				CLANG_WARN_SUSPICIOUS_MOVE = YES;
				CLANG_WARN_UNGUARDED_AVAILABILITY = YES_AGGRESSIVE;
				CLANG_WARN_UNREACHABLE_CODE = YES;
				CLANG_WARN__DUPLICATE_METHOD_MATCH = YES;
				COPY_PHASE_STRIP = NO;
				DEBUG_INFORMATION_FORMAT = "dwarf-with-dsym";
				ENABLE_NS_ASSERTIONS = NO;
				ENABLE_STRICT_OBJC_MSGSEND = YES;
				GCC_C_LANGUAGE_STANDARD = gnu11;
				GCC_NO_COMMON_BLOCKS = YES;
				GCC_WARN_64_TO_32_BIT_CONVERSION = YES;
				GCC_WARN_ABOUT_RETURN_TYPE = YES_ERROR;
				GCC_WARN_UNDECLARED_SELECTOR = YES;
				GCC_WARN_UNINITIALIZED_AUTOS = YES_AGGRESSIVE;
				GCC_WARN_UNUSED_FUNCTION = YES;
				GCC_WARN_UNUSED_VARIABLE = YES;
				IPHONEOS_DEPLOYMENT_TARGET = 16.1;
				MTL_ENABLE_DEBUG_INFO = NO;
				MTL_FAST_MATH = YES;
				SDKROOT = iphoneos;
				SWIFT_COMPILATION_MODE = wholemodule;
				SWIFT_OPTIMIZATION_LEVEL = "-O";
				VALIDATE_PRODUCT = YES;
			};
			name = Release;
		};
		11B9AB85294885AE00C24E9B /* Debug */ = {
			isa = XCBuildConfiguration;
			buildSettings = {
				ASSETCATALOG_COMPILER_APPICON_NAME = AppIcon;
				ASSETCATALOG_COMPILER_GLOBAL_ACCENT_COLOR_NAME = AccentColor;
				CODE_SIGN_STYLE = Automatic;
				CURRENT_PROJECT_VERSION = 1;
				DEVELOPMENT_ASSET_PATHS = "\"CryptoWallet/Preview Content\"";
				DEVELOPMENT_TEAM = 8H3L55K75Z;
				ENABLE_PREVIEWS = YES;
				GENERATE_INFOPLIST_FILE = YES;
				INFOPLIST_FILE = CryptoWallet/Info.plist;
				INFOPLIST_KEY_UIApplicationSceneManifest_Generation = YES;
				INFOPLIST_KEY_UIApplicationSupportsIndirectInputEvents = YES;
				INFOPLIST_KEY_UILaunchScreen_Generation = YES;
				INFOPLIST_KEY_UISupportedInterfaceOrientations_iPad = "UIInterfaceOrientationPortrait UIInterfaceOrientationPortraitUpsideDown UIInterfaceOrientationLandscapeLeft UIInterfaceOrientationLandscapeRight";
				INFOPLIST_KEY_UISupportedInterfaceOrientations_iPhone = "UIInterfaceOrientationPortrait UIInterfaceOrientationLandscapeLeft UIInterfaceOrientationLandscapeRight";
				LD_RUNPATH_SEARCH_PATHS = (
					"$(inherited)",
					"@executable_path/Frameworks",
				);
				MARKETING_VERSION = 1.0;
				PRODUCT_BUNDLE_IDENTIFIER = com.nikitinnikita.CryptoWallet;
				PRODUCT_NAME = "$(TARGET_NAME)";
				SWIFT_EMIT_LOC_STRINGS = YES;
				SWIFT_VERSION = 5.0;
				TARGETED_DEVICE_FAMILY = "1,2";
			};
			name = Debug;
		};
		11B9AB86294885AE00C24E9B /* Release */ = {
			isa = XCBuildConfiguration;
			buildSettings = {
				ASSETCATALOG_COMPILER_APPICON_NAME = AppIcon;
				ASSETCATALOG_COMPILER_GLOBAL_ACCENT_COLOR_NAME = AccentColor;
				CODE_SIGN_STYLE = Automatic;
				CURRENT_PROJECT_VERSION = 1;
				DEVELOPMENT_ASSET_PATHS = "\"CryptoWallet/Preview Content\"";
				DEVELOPMENT_TEAM = 8H3L55K75Z;
				ENABLE_PREVIEWS = YES;
				GENERATE_INFOPLIST_FILE = YES;
				INFOPLIST_FILE = CryptoWallet/Info.plist;
				INFOPLIST_KEY_UIApplicationSceneManifest_Generation = YES;
				INFOPLIST_KEY_UIApplicationSupportsIndirectInputEvents = YES;
				INFOPLIST_KEY_UILaunchScreen_Generation = YES;
				INFOPLIST_KEY_UISupportedInterfaceOrientations_iPad = "UIInterfaceOrientationPortrait UIInterfaceOrientationPortraitUpsideDown UIInterfaceOrientationLandscapeLeft UIInterfaceOrientationLandscapeRight";
				INFOPLIST_KEY_UISupportedInterfaceOrientations_iPhone = "UIInterfaceOrientationPortrait UIInterfaceOrientationLandscapeLeft UIInterfaceOrientationLandscapeRight";
				LD_RUNPATH_SEARCH_PATHS = (
					"$(inherited)",
					"@executable_path/Frameworks",
				);
				MARKETING_VERSION = 1.0;
				PRODUCT_BUNDLE_IDENTIFIER = com.nikitinnikita.CryptoWallet;
				PRODUCT_NAME = "$(TARGET_NAME)";
				SWIFT_EMIT_LOC_STRINGS = YES;
				SWIFT_VERSION = 5.0;
				TARGETED_DEVICE_FAMILY = "1,2";
			};
			name = Release;
		};
/* End XCBuildConfiguration section */

/* Begin XCConfigurationList section */
		11B9AB71294885AC00C24E9B /* Build configuration list for PBXProject "CryptoWallet" */ = {
			isa = XCConfigurationList;
			buildConfigurations = (
				11B9AB82294885AE00C24E9B /* Debug */,
				11B9AB83294885AE00C24E9B /* Release */,
			);
			defaultConfigurationIsVisible = 0;
			defaultConfigurationName = Release;
		};
		11B9AB84294885AE00C24E9B /* Build configuration list for PBXNativeTarget "CryptoWallet" */ = {
			isa = XCConfigurationList;
			buildConfigurations = (
				11B9AB85294885AE00C24E9B /* Debug */,
				11B9AB86294885AE00C24E9B /* Release */,
			);
			defaultConfigurationIsVisible = 0;
			defaultConfigurationName = Release;
		};
/* End XCConfigurationList section */

/* Begin XCRemoteSwiftPackageReference section */
		111DCD552955D6A800F9C7AD /* XCRemoteSwiftPackageReference "Toast-Swift" */ = {
			isa = XCRemoteSwiftPackageReference;
			repositoryURL = "https://github.com/BastiaanJansen/Toast-Swift";
			requirement = {
				kind = upToNextMajorVersion;
				minimumVersion = 1.0.0;
			};
		};
/* End XCRemoteSwiftPackageReference section */

/* Begin XCSwiftPackageProductDependency section */
		111DCD562955D6A800F9C7AD /* Toast */ = {
			isa = XCSwiftPackageProductDependency;
			package = 111DCD552955D6A800F9C7AD /* XCRemoteSwiftPackageReference "Toast-Swift" */;
			productName = Toast;
		};
/* End XCSwiftPackageProductDependency section */
	};
	rootObject = 11B9AB6E294885AC00C24E9B /* Project object */;
}
